
Microsoft Visual Studio Solution File, Format Version 12.00
# Visual Studio Version 16
VisualStudioVersion = 16.0.30011.22
MinimumVisualStudioVersion = 10.0.40219.1
Project("{9A19103F-16F7-4668-BE54-9A1E7A4F7556}") = "opg-201910-interview", "opg-201910-interview.csproj", "{42CE41BC-61AE-4114-9231-24692B578C9B}"
EndProject
Project("{2150E333-8FDC-42A3-9474-1A3956D46DE8}") = "src", "src", "{92FAE41F-04AE-4843-A745-912F05266199}"
EndProject
Project("{2150E333-8FDC-42A3-9474-1A3956D46DE8}") = "test", "test", "{B1C921B9-31A6-4264-B53E-81E36AE32C65}"
EndProject
Project("{FAE04EC0-301F-11D3-BF4B-00C04F79EFBC}") = "opg-201910-interview.Test", "..\test\opg-201910-interview.Test\opg-201910-interview.Test.csproj", "{5F2BAD38-1E35-4D7F-B0B6-036DD76829BA}"
EndProject
Global
	GlobalSection(SolutionConfigurationPlatforms) = preSolution
		Debug|Any CPU = Debug|Any CPU
		Release|Any CPU = Release|Any CPU
	EndGlobalSection
	GlobalSection(ProjectConfigurationPlatforms) = postSolution
		{42CE41BC-61AE-4114-9231-24692B578C9B}.Debug|Any CPU.ActiveCfg = Debug|Any CPU
		{42CE41BC-61AE-4114-9231-24692B578C9B}.Debug|Any CPU.Build.0 = Debug|Any CPU
		{42CE41BC-61AE-4114-9231-24692B578C9B}.Release|Any CPU.ActiveCfg = Release|Any CPU
		{42CE41BC-61AE-4114-9231-24692B578C9B}.Release|Any CPU.Build.0 = Release|Any CPU
		{5F2BAD38-1E35-4D7F-B0B6-036DD76829BA}.Debug|Any CPU.ActiveCfg = Debug|Any CPU
		{5F2BAD38-1E35-4D7F-B0B6-036DD76829BA}.Debug|Any CPU.Build.0 = Debug|Any CPU
		{5F2BAD38-1E35-4D7F-B0B6-036DD76829BA}.Release|Any CPU.ActiveCfg = Release|Any CPU
		{5F2BAD38-1E35-4D7F-B0B6-036DD76829BA}.Release|Any CPU.Build.0 = Release|Any CPU
	EndGlobalSection
	GlobalSection(SolutionProperties) = preSolution
		HideSolutionNode = FALSE
	EndGlobalSection
	GlobalSection(NestedProjects) = preSolution
		{42CE41BC-61AE-4114-9231-24692B578C9B} = {92FAE41F-04AE-4843-A745-912F05266199}
		{5F2BAD38-1E35-4D7F-B0B6-036DD76829BA} = {B1C921B9-31A6-4264-B53E-81E36AE32C65}
	EndGlobalSection
	GlobalSection(ExtensibilityGlobals) = postSolution
		SolutionGuid = {40561819-ED70-4F73-B85B-DE19CB2E00E2}
	EndGlobalSection
EndGlobal
